# This file is automatically @generated by Poetry 1.8.3 and should not be changed by hand.

[[package]]
name = "amqp"
version = "2.6.1"
description = "Low-level AMQP client for Python (fork of amqplib)."
optional = false
python-versions = ">=2.7, !=3.0.*, !=3.1.*, !=3.2.*, !=3.3.*, !=3.4.*"
files = [
    {file = "amqp-2.6.1-py2.py3-none-any.whl", hash = "sha256:aa7f313fb887c91f15474c1229907a04dac0b8135822d6603437803424c0aa59"},
    {file = "amqp-2.6.1.tar.gz", hash = "sha256:70cdb10628468ff14e57ec2f751c7aa9e48e7e3651cfd62d431213c0c4e58f21"},
]

[package.dependencies]
vine = ">=1.1.3,<5.0.0a1"

[[package]]
name = "asgiref"
version = "3.8.1"
description = "ASGI specs, helper code, and adapters"
optional = false
python-versions = ">=3.8"
files = [
    {file = "asgiref-3.8.1-py3-none-any.whl", hash = "sha256:3e1e3ecc849832fe52ccf2cb6686b7a55f82bb1d6aee72a58826471390335e47"},
    {file = "asgiref-3.8.1.tar.gz", hash = "sha256:c343bd80a0bec947a9860adb4c432ffa7db769836c64238fc34bdc3fec84d590"},
]

[package.dependencies]
typing-extensions = {version = ">=4", markers = "python_version < \"3.11\""}

[package.extras]
tests = ["mypy (>=0.800)", "pytest", "pytest-asyncio"]

[[package]]
name = "billiard"
version = "3.6.3.0"
description = "Python multiprocessing fork with improvements and bugfixes"
optional = false
python-versions = "*"
files = [
    {file = "billiard-3.6.3.0-py3-none-any.whl", hash = "sha256:bff575450859a6e0fbc2f9877d9b715b0bbc07c3565bb7ed2280526a0cdf5ede"},
    {file = "billiard-3.6.3.0.tar.gz", hash = "sha256:d91725ce6425f33a97dfa72fb6bfef0e47d4652acd98a032bd1a7fbf06d5fa6a"},
]

[[package]]
name = "celery"
version = "4.4.7"
description = "Distributed Task Queue."
optional = false
python-versions = ">=2.7, !=3.0.*, !=3.1.*, !=3.2.*, !=3.3.*, !=3.4.*"
files = [
    {file = "celery-4.4.7-py2.py3-none-any.whl", hash = "sha256:a92e1d56e650781fb747032a3997d16236d037c8199eacd5217d1a72893bca45"},
    {file = "celery-4.4.7.tar.gz", hash = "sha256:d220b13a8ed57c78149acf82c006785356071844afe0b27012a4991d44026f9f"},
]

[package.dependencies]
billiard = ">=3.6.3.0,<4.0"
kombu = ">=4.6.10,<4.7"
pytz = ">0.0-dev"
vine = "1.3.0"

[package.extras]
arangodb = ["pyArango (>=1.3.2)"]
auth = ["cryptography"]
azureblockblob = ["azure-common (==1.1.5)", "azure-storage (==0.36.0)", "azure-storage-common (==1.1.0)"]
brotli = ["brotli (>=1.0.0)", "brotlipy (>=0.7.0)"]
cassandra = ["cassandra-driver (<3.21.0)"]
consul = ["python-consul"]
cosmosdbsql = ["pydocumentdb (==2.3.2)"]
couchbase = ["couchbase (<3.0.0)", "couchbase-cffi (<3.0.0)"]
couchdb = ["pycouchdb"]
django = ["Django (>=1.11)"]
dynamodb = ["boto3 (>=1.9.178)"]
elasticsearch = ["elasticsearch"]
eventlet = ["eventlet (>=0.24.1)"]
gevent = ["gevent"]
librabbitmq = ["librabbitmq (>=1.5.0)"]
lzma = ["backports.lzma"]
memcache = ["pylibmc"]
mongodb = ["pymongo[srv] (>=3.3.0)"]
msgpack = ["msgpack"]
pymemcache = ["python-memcached"]
pyro = ["pyro4"]
redis = ["redis (>=3.2.0)"]
riak = ["riak (>=2.0)"]
s3 = ["boto3 (>=1.9.125)"]
slmq = ["softlayer-messaging (>=1.0.3)"]
solar = ["ephem"]
sqlalchemy = ["sqlalchemy"]
sqs = ["boto3 (>=1.9.125)", "pycurl (==7.43.0.5)"]
tblib = ["tblib (>=1.3.0)", "tblib (>=1.5.0)"]
yaml = ["PyYAML (>=3.10)"]
zookeeper = ["kazoo (>=1.3.1)"]
zstd = ["zstandard"]

[[package]]
name = "colorama"
version = "0.4.3"
description = "Cross-platform colored terminal text."
optional = false
python-versions = ">=2.7, !=3.0.*, !=3.1.*, !=3.2.*, !=3.3.*, !=3.4.*"
files = [
    {file = "colorama-0.4.3-py2.py3-none-any.whl", hash = "sha256:7d73d2a99753107a36ac6b455ee49046802e59d9d076ef8e47b61499fa29afff"},
    {file = "colorama-0.4.3.tar.gz", hash = "sha256:e96da0d330793e2cb9485e9ddfd918d456036c7149416295932478192f4436a1"},
]

[[package]]
name = "django"
version = "3.2.25"
description = "A high-level Python Web framework that encourages rapid development and clean, pragmatic design."
optional = false
python-versions = ">=3.6"
files = [
    {file = "Django-3.2.25-py3-none-any.whl", hash = "sha256:a52ea7fcf280b16f7b739cec38fa6d3f8953a5456986944c3ca97e79882b4e38"},
    {file = "Django-3.2.25.tar.gz", hash = "sha256:7ca38a78654aee72378594d63e51636c04b8e28574f5505dff630895b5472777"},
]

[package.dependencies]
asgiref = ">=3.3.2,<4"
pytz = "*"
sqlparse = ">=0.2.2"

[package.extras]
argon2 = ["argon2-cffi (>=19.1.0)"]
bcrypt = ["bcrypt"]

[[package]]
name = "django-crispy-forms"
version = "1.9.2"
description = "Best way to have Django DRY forms"
optional = false
python-versions = ">=3.5"
files = [
    {file = "django-crispy-forms-1.9.2.tar.gz", hash = "sha256:f2f1e0fbb458851636447cfb6be1a611b40c8ac9e41a74ba923011378670b43b"},
    {file = "django_crispy_forms-1.9.2-py3-none-any.whl", hash = "sha256:888bb316db89b60050a42ec35080facb361d823eec38010ccb0702f45642d3b8"},
]

[[package]]
name = "django-debug-toolbar"
version = "2.2"
description = "A configurable set of panels that display various debug information about the current request/response."
optional = false
python-versions = ">=3.5"
files = [
    {file = "django-debug-toolbar-2.2.tar.gz", hash = "sha256:eabbefe89881bbe4ca7c980ff102e3c35c8e8ad6eb725041f538988f2f39a943"},
    {file = "django_debug_toolbar-2.2-py3-none-any.whl", hash = "sha256:ff94725e7aae74b133d0599b9bf89bd4eb8f5d2c964106e61d11750228c8774c"},
]

[package.dependencies]
Django = ">=1.11"
sqlparse = ">=0.2.0"

[[package]]
name = "django-environ"
version = "0.4.5"
description = "Django-environ allows you to utilize 12factor inspired environment variables to configure your Django application."
optional = false
python-versions = "*"
files = [
    {file = "django-environ-0.4.5.tar.gz", hash = "sha256:6c9d87660142608f63ec7d5ce5564c49b603ea8ff25da595fd6098f6dc82afde"},
    {file = "django_environ-0.4.5-py2.py3-none-any.whl", hash = "sha256:c57b3c11ec1f319d9474e3e5a79134f40174b17c7cc024bbb2fad84646b120c4"},
]

[[package]]
name = "django-filter"
version = "2.3.0"
description = "Django-filter is a reusable Django application for allowing users to filter querysets dynamically."
optional = false
python-versions = ">=3.5"
files = [
    {file = "django-filter-2.3.0.tar.gz", hash = "sha256:11e63dd759835d9ba7a763926ffb2662cf8a6dcb4c7971a95064de34dbc7e5af"},
    {file = "django_filter-2.3.0-py3-none-any.whl", hash = "sha256:616848eab6fc50193a1b3730140c49b60c57a3eda1f7fc57fa8505ac156c6c75"},
]

[package.dependencies]
Django = ">=2.2"

[[package]]
name = "django-login-required-middleware"
version = "0.5.0"
description = "Requires login to all requests through middleware."
optional = false
python-versions = "*"
files = [
    {file = "django-login-required-middleware-0.5.0.tar.gz", hash = "sha256:44c7e66e2048b8282c83fefed9de15085f8bef161ec4254da12a03b50ac24a7c"},
    {file = "django_login_required_middleware-0.5.0-py3-none-any.whl", hash = "sha256:bb9fa217d7ebdbd7726e23771e4ae8ddc3afb07dc135af4743cdd2bf7cd3b8af"},
]

[[package]]
name = "djangorestframework"
version = "3.12.1"
description = "Web APIs for Django, made easy."
optional = false
python-versions = ">=3.5"
files = [
    {file = "djangorestframework-3.12.1-py3-none-any.whl", hash = "sha256:5c5071fcbad6dce16f566d492015c829ddb0df42965d488b878594aabc3aed21"},
    {file = "djangorestframework-3.12.1.tar.gz", hash = "sha256:d54452aedebb4b650254ca092f9f4f5df947cb1de6ab245d817b08b4f4156249"},
]

[package.dependencies]
django = ">=2.2"

[[package]]
name = "exceptiongroup"
version = "1.2.2"
description = "Backport of PEP 654 (exception groups)"
optional = false
python-versions = ">=3.7"
files = [
    {file = "exceptiongroup-1.2.2-py3-none-any.whl", hash = "sha256:3111b9d131c238bec2f8f516e123e14ba243563fb135d3fe885990585aa7795b"},
    {file = "exceptiongroup-1.2.2.tar.gz", hash = "sha256:47c2edf7c6738fafb49fd34290706d1a1a2f4d1c6df275526b62cbb4aa5393cc"},
]

[package.extras]
test = ["pytest (>=6)"]

[[package]]
name = "flake8"
version = "3.8.3"
description = "the modular source code checker: pep8 pyflakes and co"
optional = false
python-versions = "!=3.0.*,!=3.1.*,!=3.2.*,!=3.3.*,>=2.7"
files = [
    {file = "flake8-3.8.3-py2.py3-none-any.whl", hash = "sha256:15e351d19611c887e482fb960eae4d44845013cc142d42896e9862f775d8cf5c"},
    {file = "flake8-3.8.3.tar.gz", hash = "sha256:f04b9fcbac03b0a3e58c0ab3a0ecc462e023a9faf046d57794184028123aa208"},
]

[package.dependencies]
mccabe = ">=0.6.0,<0.7.0"
pycodestyle = ">=2.6.0a1,<2.7.0"
pyflakes = ">=2.2.0,<2.3.0"

[[package]]
name = "iniconfig"
version = "2.0.0"
description = "brain-dead simple config-ini parsing"
optional = false
python-versions = ">=3.7"
files = [
    {file = "iniconfig-2.0.0-py3-none-any.whl", hash = "sha256:b6a85871a79d2e3b22d2d1b94ac2824226a63c6b741c88f7ae975f18b6778374"},
    {file = "iniconfig-2.0.0.tar.gz", hash = "sha256:2d91e135bf72d31a410b17c16da610a82cb55f6b0477d1a902134b24a455b8b3"},
]

[[package]]
name = "kombu"
version = "4.6.11"
description = "Messaging library for Python."
optional = false
python-versions = ">=2.7, !=3.0.*, !=3.1.*, !=3.2.*, !=3.3.*, !=3.4.*"
files = [
    {file = "kombu-4.6.11-py2.py3-none-any.whl", hash = "sha256:be48cdffb54a2194d93ad6533d73f69408486483d189fe9f5990ee24255b0e0a"},
    {file = "kombu-4.6.11.tar.gz", hash = "sha256:ca1b45faac8c0b18493d02a8571792f3c40291cf2bcf1f55afed3d8f3aa7ba74"},
]

[package.dependencies]
amqp = ">=2.6.0,<2.7"

[package.extras]
azureservicebus = ["azure-servicebus (>=0.21.1)"]
azurestoragequeues = ["azure-storage-queue"]
consul = ["python-consul (>=0.6.0)"]
librabbitmq = ["librabbitmq (>=1.5.2)"]
mongodb = ["pymongo (>=3.3.0)"]
msgpack = ["msgpack"]
pyro = ["pyro4"]
qpid = ["qpid-python (>=0.26)", "qpid-tools (>=0.26)"]
redis = ["redis (>=3.3.11)"]
slmq = ["softlayer-messaging (>=1.0.3)"]
sqlalchemy = ["sqlalchemy"]
sqs = ["boto3 (>=1.4.4)", "pycurl (==7.43.0.2)"]
yaml = ["PyYAML (>=3.10)"]
zookeeper = ["kazoo (>=1.3.1)"]

[[package]]
name = "mccabe"
version = "0.6.1"
description = "McCabe checker, plugin for flake8"
optional = false
python-versions = "*"
files = [
    {file = "mccabe-0.6.1-py2.py3-none-any.whl", hash = "sha256:ab8a6258860da4b6677da4bd2fe5dc2c659cff31b3ee4f7f5d64e79735b80d42"},
    {file = "mccabe-0.6.1.tar.gz", hash = "sha256:dd8d182285a0fe56bace7f45b5e7d1a6ebcbf524e8f3bd87eb0f125271b8831f"},
]

[[package]]
name = "packaging"
version = "20.4"
description = "Core utilities for Python packages"
optional = false
python-versions = ">=2.7, !=3.0.*, !=3.1.*, !=3.2.*, !=3.3.*"
files = [
    {file = "packaging-20.4-py2.py3-none-any.whl", hash = "sha256:998416ba6962ae7fbd6596850b80e17859a5753ba17c32284f67bfff33784181"},
    {file = "packaging-20.4.tar.gz", hash = "sha256:4357f74f47b9c12db93624a82154e9b120fa8293699949152b22065d556079f8"},
]

[package.dependencies]
pyparsing = ">=2.0.2"
six = "*"

[[package]]
name = "pillow"
version = "8.4.0"
description = "Python Imaging Library (Fork)"
optional = false
python-versions = ">=3.6"
files = [
    {file = "Pillow-8.4.0-cp310-cp310-macosx_10_10_universal2.whl", hash = "sha256:81f8d5c81e483a9442d72d182e1fb6dcb9723f289a57e8030811bac9ea3fef8d"},
    {file = "Pillow-8.4.0-cp310-cp310-macosx_11_0_arm64.whl", hash = "sha256:3f97cfb1e5a392d75dd8b9fd274d205404729923840ca94ca45a0af57e13dbe6"},
    {file = "Pillow-8.4.0-cp310-cp310-manylinux_2_17_aarch64.manylinux2014_aarch64.whl", hash = "sha256:eb9fc393f3c61f9054e1ed26e6fe912c7321af2f41ff49d3f83d05bacf22cc78"},
    {file = "Pillow-8.4.0-cp310-cp310-manylinux_2_17_i686.manylinux2014_i686.whl", hash = "sha256:d82cdb63100ef5eedb8391732375e6d05993b765f72cb34311fab92103314649"},
    {file = "Pillow-8.4.0-cp310-cp310-manylinux_2_17_x86_64.manylinux2014_x86_64.whl", hash = "sha256:62cc1afda735a8d109007164714e73771b499768b9bb5afcbbee9d0ff374b43f"},
    {file = "Pillow-8.4.0-cp310-cp310-win32.whl", hash = "sha256:e3dacecfbeec9a33e932f00c6cd7996e62f53ad46fbe677577394aaa90ee419a"},
    {file = "Pillow-8.4.0-cp310-cp310-win_amd64.whl", hash = "sha256:620582db2a85b2df5f8a82ddeb52116560d7e5e6b055095f04ad828d1b0baa39"},
    {file = "Pillow-8.4.0-cp36-cp36m-macosx_10_10_x86_64.whl", hash = "sha256:1bc723b434fbc4ab50bb68e11e93ce5fb69866ad621e3c2c9bdb0cd70e345f55"},
    {file = "Pillow-8.4.0-cp36-cp36m-manylinux_2_17_aarch64.manylinux2014_aarch64.whl", hash = "sha256:72cbcfd54df6caf85cc35264c77ede902452d6df41166010262374155947460c"},
    {file = "Pillow-8.4.0-cp36-cp36m-manylinux_2_17_i686.manylinux2014_i686.whl", hash = "sha256:70ad9e5c6cb9b8487280a02c0ad8a51581dcbbe8484ce058477692a27c151c0a"},
    {file = "Pillow-8.4.0-cp36-cp36m-manylinux_2_17_x86_64.manylinux2014_x86_64.whl", hash = "sha256:25a49dc2e2f74e65efaa32b153527fc5ac98508d502fa46e74fa4fd678ed6645"},
    {file = "Pillow-8.4.0-cp36-cp36m-win32.whl", hash = "sha256:93ce9e955cc95959df98505e4608ad98281fff037350d8c2671c9aa86bcf10a9"},
    {file = "Pillow-8.4.0-cp36-cp36m-win_amd64.whl", hash = "sha256:2e4440b8f00f504ee4b53fe30f4e381aae30b0568193be305256b1462216feff"},
    {file = "Pillow-8.4.0-cp37-cp37m-macosx_10_10_x86_64.whl", hash = "sha256:8c803ac3c28bbc53763e6825746f05cc407b20e4a69d0122e526a582e3b5e153"},
    {file = "Pillow-8.4.0-cp37-cp37m-manylinux_2_17_aarch64.manylinux2014_aarch64.whl", hash = "sha256:c8a17b5d948f4ceeceb66384727dde11b240736fddeda54ca740b9b8b1556b29"},
    {file = "Pillow-8.4.0-cp37-cp37m-manylinux_2_17_i686.manylinux2014_i686.whl", hash = "sha256:1394a6ad5abc838c5cd8a92c5a07535648cdf6d09e8e2d6df916dfa9ea86ead8"},
    {file = "Pillow-8.4.0-cp37-cp37m-manylinux_2_17_x86_64.manylinux2014_x86_64.whl", hash = "sha256:792e5c12376594bfcb986ebf3855aa4b7c225754e9a9521298e460e92fb4a488"},
    {file = "Pillow-8.4.0-cp37-cp37m-win32.whl", hash = "sha256:d99ec152570e4196772e7a8e4ba5320d2d27bf22fdf11743dd882936ed64305b"},
    {file = "Pillow-8.4.0-cp37-cp37m-win_amd64.whl", hash = "sha256:7b7017b61bbcdd7f6363aeceb881e23c46583739cb69a3ab39cb384f6ec82e5b"},
    {file = "Pillow-8.4.0-cp38-cp38-macosx_10_10_x86_64.whl", hash = "sha256:d89363f02658e253dbd171f7c3716a5d340a24ee82d38aab9183f7fdf0cdca49"},
    {file = "Pillow-8.4.0-cp38-cp38-macosx_11_0_arm64.whl", hash = "sha256:0a0956fdc5defc34462bb1c765ee88d933239f9a94bc37d132004775241a7585"},
    {file = "Pillow-8.4.0-cp38-cp38-manylinux_2_17_aarch64.manylinux2014_aarch64.whl", hash = "sha256:5b7bb9de00197fb4261825c15551adf7605cf14a80badf1761d61e59da347779"},
    {file = "Pillow-8.4.0-cp38-cp38-manylinux_2_17_i686.manylinux2014_i686.whl", hash = "sha256:72b9e656e340447f827885b8d7a15fc8c4e68d410dc2297ef6787eec0f0ea409"},
    {file = "Pillow-8.4.0-cp38-cp38-manylinux_2_17_x86_64.manylinux2014_x86_64.whl", hash = "sha256:a5a4532a12314149d8b4e4ad8ff09dde7427731fcfa5917ff16d0291f13609df"},
    {file = "Pillow-8.4.0-cp38-cp38-win32.whl", hash = "sha256:82aafa8d5eb68c8463b6e9baeb4f19043bb31fefc03eb7b216b51e6a9981ae09"},
    {file = "Pillow-8.4.0-cp38-cp38-win_amd64.whl", hash = "sha256:066f3999cb3b070a95c3652712cffa1a748cd02d60ad7b4e485c3748a04d9d76"},
    {file = "Pillow-8.4.0-cp39-cp39-macosx_10_10_x86_64.whl", hash = "sha256:5503c86916d27c2e101b7f71c2ae2cddba01a2cf55b8395b0255fd33fa4d1f1a"},
    {file = "Pillow-8.4.0-cp39-cp39-macosx_11_0_arm64.whl", hash = "sha256:4acc0985ddf39d1bc969a9220b51d94ed51695d455c228d8ac29fcdb25810e6e"},
    {file = "Pillow-8.4.0-cp39-cp39-manylinux_2_17_aarch64.manylinux2014_aarch64.whl", hash = "sha256:0b052a619a8bfcf26bd8b3f48f45283f9e977890263e4571f2393ed8898d331b"},
    {file = "Pillow-8.4.0-cp39-cp39-manylinux_2_17_i686.manylinux2014_i686.whl", hash = "sha256:493cb4e415f44cd601fcec11c99836f707bb714ab03f5ed46ac25713baf0ff20"},
    {file = "Pillow-8.4.0-cp39-cp39-manylinux_2_17_x86_64.manylinux2014_x86_64.whl", hash = "sha256:b8831cb7332eda5dc89b21a7bce7ef6ad305548820595033a4b03cf3091235ed"},
    {file = "Pillow-8.4.0-cp39-cp39-win32.whl", hash = "sha256:5e9ac5f66616b87d4da618a20ab0a38324dbe88d8a39b55be8964eb520021e02"},
    {file = "Pillow-8.4.0-cp39-cp39-win_amd64.whl", hash = "sha256:3eb1ce5f65908556c2d8685a8f0a6e989d887ec4057326f6c22b24e8a172c66b"},
    {file = "Pillow-8.4.0-pp36-pypy36_pp73-macosx_10_10_x86_64.whl", hash = "sha256:ddc4d832a0f0b4c52fff973a0d44b6c99839a9d016fe4e6a1cb8f3eea96479c2"},
    {file = "Pillow-8.4.0-pp36-pypy36_pp73-manylinux_2_17_i686.manylinux2014_i686.whl", hash = "sha256:9a3e5ddc44c14042f0844b8cf7d2cd455f6cc80fd7f5eefbe657292cf601d9ad"},
    {file = "Pillow-8.4.0-pp36-pypy36_pp73-manylinux_2_17_x86_64.manylinux2014_x86_64.whl", hash = "sha256:c70e94281588ef053ae8998039610dbd71bc509e4acbc77ab59d7d2937b10698"},
    {file = "Pillow-8.4.0-pp37-pypy37_pp73-macosx_10_10_x86_64.whl", hash = "sha256:3862b7256046fcd950618ed22d1d60b842e3a40a48236a5498746f21189afbbc"},
    {file = "Pillow-8.4.0-pp37-pypy37_pp73-manylinux_2_17_i686.manylinux2014_i686.whl", hash = "sha256:a4901622493f88b1a29bd30ec1a2f683782e57c3c16a2dbc7f2595ba01f639df"},
    {file = "Pillow-8.4.0-pp37-pypy37_pp73-manylinux_2_17_x86_64.manylinux2014_x86_64.whl", hash = "sha256:84c471a734240653a0ec91dec0996696eea227eafe72a33bd06c92697728046b"},
    {file = "Pillow-8.4.0-pp37-pypy37_pp73-win_amd64.whl", hash = "sha256:244cf3b97802c34c41905d22810846802a3329ddcb93ccc432870243211c79fc"},
    {file = "Pillow-8.4.0.tar.gz", hash = "sha256:b8e2f83c56e141920c39464b852de3719dfbfb6e3c99a2d8da0edf4fb33176ed"},
]

[[package]]
name = "pluggy"
version = "1.5.0"
description = "plugin and hook calling mechanisms for python"
optional = false
python-versions = ">=3.8"
files = [
    {file = "pluggy-1.5.0-py3-none-any.whl", hash = "sha256:44e1ad92c8ca002de6377e165f3e0f1be63266ab4d554740532335b9d75ea669"},
    {file = "pluggy-1.5.0.tar.gz", hash = "sha256:2cffa88e94fdc978c4c574f15f9e59b7f4201d439195c3715ca9e2486f1d0cf1"},
]

[package.extras]
dev = ["pre-commit", "tox"]
testing = ["pytest", "pytest-benchmark"]

[[package]]
name = "psycopg2-binary"
version = "2.9.9"
description = "psycopg2 - Python-PostgreSQL Database Adapter"
optional = false
python-versions = ">=3.7"
files = [
    {file = "psycopg2-binary-2.9.9.tar.gz", hash = "sha256:7f01846810177d829c7692f1f5ada8096762d9172af1b1a28d4ab5b77c923c1c"},
    {file = "psycopg2_binary-2.9.9-cp310-cp310-macosx_10_9_x86_64.whl", hash = "sha256:c2470da5418b76232f02a2fcd2229537bb2d5a7096674ce61859c3229f2eb202"},
    {file = "psycopg2_binary-2.9.9-cp310-cp310-macosx_11_0_arm64.whl", hash = "sha256:c6af2a6d4b7ee9615cbb162b0738f6e1fd1f5c3eda7e5da17861eacf4c717ea7"},
    {file = "psycopg2_binary-2.9.9-cp310-cp310-manylinux_2_17_aarch64.manylinux2014_aarch64.whl", hash = "sha256:75723c3c0fbbf34350b46a3199eb50638ab22a0228f93fb472ef4d9becc2382b"},
    {file = "psycopg2_binary-2.9.9-cp310-cp310-manylinux_2_17_i686.manylinux2014_i686.whl", hash = "sha256:83791a65b51ad6ee6cf0845634859d69a038ea9b03d7b26e703f94c7e93dbcf9"},
    {file = "psycopg2_binary-2.9.9-cp310-cp310-manylinux_2_17_ppc64le.manylinux2014_ppc64le.whl", hash = "sha256:0ef4854e82c09e84cc63084a9e4ccd6d9b154f1dbdd283efb92ecd0b5e2b8c84"},
    {file = "psycopg2_binary-2.9.9-cp310-cp310-manylinux_2_17_x86_64.manylinux2014_x86_64.whl", hash = "sha256:ed1184ab8f113e8d660ce49a56390ca181f2981066acc27cf637d5c1e10ce46e"},
    {file = "psycopg2_binary-2.9.9-cp310-cp310-musllinux_1_1_aarch64.whl", hash = "sha256:d2997c458c690ec2bc6b0b7ecbafd02b029b7b4283078d3b32a852a7ce3ddd98"},
    {file = "psycopg2_binary-2.9.9-cp310-cp310-musllinux_1_1_i686.whl", hash = "sha256:b58b4710c7f4161b5e9dcbe73bb7c62d65670a87df7bcce9e1faaad43e715245"},
    {file = "psycopg2_binary-2.9.9-cp310-cp310-musllinux_1_1_ppc64le.whl", hash = "sha256:0c009475ee389757e6e34611d75f6e4f05f0cf5ebb76c6037508318e1a1e0d7e"},
    {file = "psycopg2_binary-2.9.9-cp310-cp310-musllinux_1_1_x86_64.whl", hash = "sha256:8dbf6d1bc73f1d04ec1734bae3b4fb0ee3cb2a493d35ede9badbeb901fb40f6f"},
    {file = "psycopg2_binary-2.9.9-cp310-cp310-win32.whl", hash = "sha256:3f78fd71c4f43a13d342be74ebbc0666fe1f555b8837eb113cb7416856c79682"},
    {file = "psycopg2_binary-2.9.9-cp310-cp310-win_amd64.whl", hash = "sha256:876801744b0dee379e4e3c38b76fc89f88834bb15bf92ee07d94acd06ec890a0"},
    {file = "psycopg2_binary-2.9.9-cp311-cp311-macosx_10_9_x86_64.whl", hash = "sha256:ee825e70b1a209475622f7f7b776785bd68f34af6e7a46e2e42f27b659b5bc26"},
    {file = "psycopg2_binary-2.9.9-cp311-cp311-macosx_11_0_arm64.whl", hash = "sha256:1ea665f8ce695bcc37a90ee52de7a7980be5161375d42a0b6c6abedbf0d81f0f"},
    {file = "psycopg2_binary-2.9.9-cp311-cp311-manylinux_2_17_aarch64.manylinux2014_aarch64.whl", hash = "sha256:143072318f793f53819048fdfe30c321890af0c3ec7cb1dfc9cc87aa88241de2"},
    {file = "psycopg2_binary-2.9.9-cp311-cp311-manylinux_2_17_i686.manylinux2014_i686.whl", hash = "sha256:c332c8d69fb64979ebf76613c66b985414927a40f8defa16cf1bc028b7b0a7b0"},
    {file = "psycopg2_binary-2.9.9-cp311-cp311-manylinux_2_17_ppc64le.manylinux2014_ppc64le.whl", hash = "sha256:f7fc5a5acafb7d6ccca13bfa8c90f8c51f13d8fb87d95656d3950f0158d3ce53"},
    {file = "psycopg2_binary-2.9.9-cp311-cp311-manylinux_2_17_x86_64.manylinux2014_x86_64.whl", hash = "sha256:977646e05232579d2e7b9c59e21dbe5261f403a88417f6a6512e70d3f8a046be"},
    {file = "psycopg2_binary-2.9.9-cp311-cp311-musllinux_1_1_aarch64.whl", hash = "sha256:b6356793b84728d9d50ead16ab43c187673831e9d4019013f1402c41b1db9b27"},
    {file = "psycopg2_binary-2.9.9-cp311-cp311-musllinux_1_1_i686.whl", hash = "sha256:bc7bb56d04601d443f24094e9e31ae6deec9ccb23581f75343feebaf30423359"},
    {file = "psycopg2_binary-2.9.9-cp311-cp311-musllinux_1_1_ppc64le.whl", hash = "sha256:77853062a2c45be16fd6b8d6de2a99278ee1d985a7bd8b103e97e41c034006d2"},
    {file = "psycopg2_binary-2.9.9-cp311-cp311-musllinux_1_1_x86_64.whl", hash = "sha256:78151aa3ec21dccd5cdef6c74c3e73386dcdfaf19bced944169697d7ac7482fc"},
    {file = "psycopg2_binary-2.9.9-cp311-cp311-win32.whl", hash = "sha256:dc4926288b2a3e9fd7b50dc6a1909a13bbdadfc67d93f3374d984e56f885579d"},
    {file = "psycopg2_binary-2.9.9-cp311-cp311-win_amd64.whl", hash = "sha256:b76bedd166805480ab069612119ea636f5ab8f8771e640ae103e05a4aae3e417"},
    {file = "psycopg2_binary-2.9.9-cp312-cp312-macosx_10_9_x86_64.whl", hash = "sha256:8532fd6e6e2dc57bcb3bc90b079c60de896d2128c5d9d6f24a63875a95a088cf"},
    {file = "psycopg2_binary-2.9.9-cp312-cp312-macosx_11_0_arm64.whl", hash = "sha256:b0605eaed3eb239e87df0d5e3c6489daae3f7388d455d0c0b4df899519c6a38d"},
    {file = "psycopg2_binary-2.9.9-cp312-cp312-manylinux_2_17_aarch64.manylinux2014_aarch64.whl", hash = "sha256:8f8544b092a29a6ddd72f3556a9fcf249ec412e10ad28be6a0c0d948924f2212"},
    {file = "psycopg2_binary-2.9.9-cp312-cp312-manylinux_2_17_i686.manylinux2014_i686.whl", hash = "sha256:2d423c8d8a3c82d08fe8af900ad5b613ce3632a1249fd6a223941d0735fce493"},
    {file = "psycopg2_binary-2.9.9-cp312-cp312-manylinux_2_17_ppc64le.manylinux2014_ppc64le.whl", hash = "sha256:2e5afae772c00980525f6d6ecf7cbca55676296b580c0e6abb407f15f3706996"},
    {file = "psycopg2_binary-2.9.9-cp312-cp312-manylinux_2_17_x86_64.manylinux2014_x86_64.whl", hash = "sha256:6e6f98446430fdf41bd36d4faa6cb409f5140c1c2cf58ce0bbdaf16af7d3f119"},
    {file = "psycopg2_binary-2.9.9-cp312-cp312-musllinux_1_1_aarch64.whl", hash = "sha256:c77e3d1862452565875eb31bdb45ac62502feabbd53429fdc39a1cc341d681ba"},
    {file = "psycopg2_binary-2.9.9-cp312-cp312-musllinux_1_1_i686.whl", hash = "sha256:cb16c65dcb648d0a43a2521f2f0a2300f40639f6f8c1ecbc662141e4e3e1ee07"},
    {file = "psycopg2_binary-2.9.9-cp312-cp312-musllinux_1_1_ppc64le.whl", hash = "sha256:911dda9c487075abd54e644ccdf5e5c16773470a6a5d3826fda76699410066fb"},
    {file = "psycopg2_binary-2.9.9-cp312-cp312-musllinux_1_1_x86_64.whl", hash = "sha256:57fede879f08d23c85140a360c6a77709113efd1c993923c59fde17aa27599fe"},
    {file = "psycopg2_binary-2.9.9-cp312-cp312-win32.whl", hash = "sha256:64cf30263844fa208851ebb13b0732ce674d8ec6a0c86a4e160495d299ba3c93"},
    {file = "psycopg2_binary-2.9.9-cp312-cp312-win_amd64.whl", hash = "sha256:81ff62668af011f9a48787564ab7eded4e9fb17a4a6a74af5ffa6a457400d2ab"},
    {file = "psycopg2_binary-2.9.9-cp37-cp37m-macosx_10_9_x86_64.whl", hash = "sha256:2293b001e319ab0d869d660a704942c9e2cce19745262a8aba2115ef41a0a42a"},
    {file = "psycopg2_binary-2.9.9-cp37-cp37m-manylinux_2_17_aarch64.manylinux2014_aarch64.whl", hash = "sha256:03ef7df18daf2c4c07e2695e8cfd5ee7f748a1d54d802330985a78d2a5a6dca9"},
    {file = "psycopg2_binary-2.9.9-cp37-cp37m-manylinux_2_17_i686.manylinux2014_i686.whl", hash = "sha256:0a602ea5aff39bb9fac6308e9c9d82b9a35c2bf288e184a816002c9fae930b77"},
    {file = "psycopg2_binary-2.9.9-cp37-cp37m-manylinux_2_17_ppc64le.manylinux2014_ppc64le.whl", hash = "sha256:8359bf4791968c5a78c56103702000105501adb557f3cf772b2c207284273984"},
    {file = "psycopg2_binary-2.9.9-cp37-cp37m-manylinux_2_17_x86_64.manylinux2014_x86_64.whl", hash = "sha256:275ff571376626195ab95a746e6a04c7df8ea34638b99fc11160de91f2fef503"},
    {file = "psycopg2_binary-2.9.9-cp37-cp37m-musllinux_1_1_aarch64.whl", hash = "sha256:f9b5571d33660d5009a8b3c25dc1db560206e2d2f89d3df1cb32d72c0d117d52"},
    {file = "psycopg2_binary-2.9.9-cp37-cp37m-musllinux_1_1_i686.whl", hash = "sha256:420f9bbf47a02616e8554e825208cb947969451978dceb77f95ad09c37791dae"},
    {file = "psycopg2_binary-2.9.9-cp37-cp37m-musllinux_1_1_ppc64le.whl", hash = "sha256:4154ad09dac630a0f13f37b583eae260c6aa885d67dfbccb5b02c33f31a6d420"},
    {file = "psycopg2_binary-2.9.9-cp37-cp37m-musllinux_1_1_x86_64.whl", hash = "sha256:a148c5d507bb9b4f2030a2025c545fccb0e1ef317393eaba42e7eabd28eb6041"},
    {file = "psycopg2_binary-2.9.9-cp37-cp37m-win32.whl", hash = "sha256:68fc1f1ba168724771e38bee37d940d2865cb0f562380a1fb1ffb428b75cb692"},
    {file = "psycopg2_binary-2.9.9-cp37-cp37m-win_amd64.whl", hash = "sha256:281309265596e388ef483250db3640e5f414168c5a67e9c665cafce9492eda2f"},
    {file = "psycopg2_binary-2.9.9-cp38-cp38-macosx_10_9_x86_64.whl", hash = "sha256:60989127da422b74a04345096c10d416c2b41bd7bf2a380eb541059e4e999980"},
    {file = "psycopg2_binary-2.9.9-cp38-cp38-macosx_11_0_arm64.whl", hash = "sha256:246b123cc54bb5361588acc54218c8c9fb73068bf227a4a531d8ed56fa3ca7d6"},
    {file = "psycopg2_binary-2.9.9-cp38-cp38-manylinux_2_17_aarch64.manylinux2014_aarch64.whl", hash = "sha256:34eccd14566f8fe14b2b95bb13b11572f7c7d5c36da61caf414d23b91fcc5d94"},
    {file = "psycopg2_binary-2.9.9-cp38-cp38-manylinux_2_17_i686.manylinux2014_i686.whl", hash = "sha256:18d0ef97766055fec15b5de2c06dd8e7654705ce3e5e5eed3b6651a1d2a9a152"},
    {file = "psycopg2_binary-2.9.9-cp38-cp38-manylinux_2_17_ppc64le.manylinux2014_ppc64le.whl", hash = "sha256:d3f82c171b4ccd83bbaf35aa05e44e690113bd4f3b7b6cc54d2219b132f3ae55"},
    {file = "psycopg2_binary-2.9.9-cp38-cp38-manylinux_2_17_x86_64.manylinux2014_x86_64.whl", hash = "sha256:ead20f7913a9c1e894aebe47cccf9dc834e1618b7aa96155d2091a626e59c972"},
    {file = "psycopg2_binary-2.9.9-cp38-cp38-musllinux_1_1_aarch64.whl", hash = "sha256:ca49a8119c6cbd77375ae303b0cfd8c11f011abbbd64601167ecca18a87e7cdd"},
    {file = "psycopg2_binary-2.9.9-cp38-cp38-musllinux_1_1_i686.whl", hash = "sha256:323ba25b92454adb36fa425dc5cf6f8f19f78948cbad2e7bc6cdf7b0d7982e59"},
    {file = "psycopg2_binary-2.9.9-cp38-cp38-musllinux_1_1_ppc64le.whl", hash = "sha256:1236ed0952fbd919c100bc839eaa4a39ebc397ed1c08a97fc45fee2a595aa1b3"},
    {file = "psycopg2_binary-2.9.9-cp38-cp38-musllinux_1_1_x86_64.whl", hash = "sha256:729177eaf0aefca0994ce4cffe96ad3c75e377c7b6f4efa59ebf003b6d398716"},
    {file = "psycopg2_binary-2.9.9-cp38-cp38-win32.whl", hash = "sha256:804d99b24ad523a1fe18cc707bf741670332f7c7412e9d49cb5eab67e886b9b5"},
    {file = "psycopg2_binary-2.9.9-cp38-cp38-win_amd64.whl", hash = "sha256:a6cdcc3ede532f4a4b96000b6362099591ab4a3e913d70bcbac2b56c872446f7"},
    {file = "psycopg2_binary-2.9.9-cp39-cp39-macosx_10_9_x86_64.whl", hash = "sha256:72dffbd8b4194858d0941062a9766f8297e8868e1dd07a7b36212aaa90f49472"},
    {file = "psycopg2_binary-2.9.9-cp39-cp39-macosx_11_0_arm64.whl", hash = "sha256:30dcc86377618a4c8f3b72418df92e77be4254d8f89f14b8e8f57d6d43603c0f"},
    {file = "psycopg2_binary-2.9.9-cp39-cp39-manylinux_2_17_aarch64.manylinux2014_aarch64.whl", hash = "sha256:31a34c508c003a4347d389a9e6fcc2307cc2150eb516462a7a17512130de109e"},
    {file = "psycopg2_binary-2.9.9-cp39-cp39-manylinux_2_17_i686.manylinux2014_i686.whl", hash = "sha256:15208be1c50b99203fe88d15695f22a5bed95ab3f84354c494bcb1d08557df67"},
    {file = "psycopg2_binary-2.9.9-cp39-cp39-manylinux_2_17_ppc64le.manylinux2014_ppc64le.whl", hash = "sha256:1873aade94b74715be2246321c8650cabf5a0d098a95bab81145ffffa4c13876"},
    {file = "psycopg2_binary-2.9.9-cp39-cp39-manylinux_2_17_x86_64.manylinux2014_x86_64.whl", hash = "sha256:3a58c98a7e9c021f357348867f537017057c2ed7f77337fd914d0bedb35dace7"},
    {file = "psycopg2_binary-2.9.9-cp39-cp39-musllinux_1_1_aarch64.whl", hash = "sha256:4686818798f9194d03c9129a4d9a702d9e113a89cb03bffe08c6cf799e053291"},
    {file = "psycopg2_binary-2.9.9-cp39-cp39-musllinux_1_1_i686.whl", hash = "sha256:ebdc36bea43063116f0486869652cb2ed7032dbc59fbcb4445c4862b5c1ecf7f"},
    {file = "psycopg2_binary-2.9.9-cp39-cp39-musllinux_1_1_ppc64le.whl", hash = "sha256:ca08decd2697fdea0aea364b370b1249d47336aec935f87b8bbfd7da5b2ee9c1"},
    {file = "psycopg2_binary-2.9.9-cp39-cp39-musllinux_1_1_x86_64.whl", hash = "sha256:ac05fb791acf5e1a3e39402641827780fe44d27e72567a000412c648a85ba860"},
    {file = "psycopg2_binary-2.9.9-cp39-cp39-win32.whl", hash = "sha256:9dba73be7305b399924709b91682299794887cbbd88e38226ed9f6712eabee90"},
    {file = "psycopg2_binary-2.9.9-cp39-cp39-win_amd64.whl", hash = "sha256:f7ae5d65ccfbebdfa761585228eb4d0df3a8b15cfb53bd953e713e09fbb12957"},
]

[[package]]
name = "pycodestyle"
version = "2.6.0"
description = "Python style guide checker"
optional = false
python-versions = ">=2.7, !=3.0.*, !=3.1.*, !=3.2.*, !=3.3.*"
files = [
    {file = "pycodestyle-2.6.0-py2.py3-none-any.whl", hash = "sha256:2295e7b2f6b5bd100585ebcb1f616591b652db8a741695b3d8f5d28bdc934367"},
    {file = "pycodestyle-2.6.0.tar.gz", hash = "sha256:c58a7d2815e0e8d7972bf1803331fb0152f867bd89adf8a01dfd55085434192e"},
]

[[package]]
name = "pyflakes"
version = "2.2.0"
description = "passive checker of Python programs"
optional = false
python-versions = ">=2.7, !=3.0.*, !=3.1.*, !=3.2.*, !=3.3.*"
files = [
    {file = "pyflakes-2.2.0-py2.py3-none-any.whl", hash = "sha256:0d94e0e05a19e57a99444b6ddcf9a6eb2e5c68d3ca1e98e90707af8152c90a92"},
    {file = "pyflakes-2.2.0.tar.gz", hash = "sha256:35b2d75ee967ea93b55750aa9edbbf72813e06a66ba54438df2cfac9e3c27fc8"},
]

[[package]]
name = "pyparsing"
version = "2.4.7"
description = "Python parsing module"
optional = false
python-versions = ">=2.6, !=3.0.*, !=3.1.*, !=3.2.*"
files = [
    {file = "pyparsing-2.4.7-py2.py3-none-any.whl", hash = "sha256:ef9d7589ef3c200abe66653d3f1ab1033c3c419ae9b9bdb1240a85b024efc88b"},
    {file = "pyparsing-2.4.7.tar.gz", hash = "sha256:c203ec8783bf771a155b207279b9bccb8dea02d8f0c9e5f8ead507bc3246ecc1"},
]

[[package]]
name = "pytest"
version = "8.3.2"
description = "pytest: simple powerful testing with Python"
optional = false
python-versions = ">=3.8"
files = [
    {file = "pytest-8.3.2-py3-none-any.whl", hash = "sha256:4ba08f9ae7dcf84ded419494d229b48d0903ea6407b030eaec46df5e6a73bba5"},
    {file = "pytest-8.3.2.tar.gz", hash = "sha256:c132345d12ce551242c87269de812483f5bcc87cdbb4722e48487ba194f9fdce"},
]

[package.dependencies]
colorama = {version = "*", markers = "sys_platform == \"win32\""}
exceptiongroup = {version = ">=1.0.0rc8", markers = "python_version < \"3.11\""}
iniconfig = "*"
packaging = "*"
pluggy = ">=1.5,<2"
tomli = {version = ">=1", markers = "python_version < \"3.11\""}

[package.extras]
dev = ["argcomplete", "attrs (>=19.2)", "hypothesis (>=3.56)", "mock", "pygments (>=2.7.2)", "requests", "setuptools", "xmlschema"]

[[package]]
name = "pytest-django"
version = "3.9.0"
description = "A Django plugin for pytest."
optional = false
python-versions = ">=2.7, !=3.0.*, !=3.1.*, !=3.2.*, !=3.3.*"
files = [
    {file = "pytest-django-3.9.0.tar.gz", hash = "sha256:664e5f42242e5e182519388f01b9f25d824a9feb7cd17d8f863c8d776f38baf9"},
    {file = "pytest_django-3.9.0-py2.py3-none-any.whl", hash = "sha256:64f99d565dd9497af412fcab2989fe40982c1282d4118ff422b407f3f7275ca5"},
]

[package.dependencies]
pytest = ">=3.6"

[package.extras]
docs = ["sphinx", "sphinx-rtd-theme"]
testing = ["Django", "django-configurations (>=2.0)", "six"]

[[package]]
name = "pytz"
version = "2020.1"
description = "World timezone definitions, modern and historical"
optional = false
python-versions = "*"
files = [
    {file = "pytz-2020.1-py2.py3-none-any.whl", hash = "sha256:a494d53b6d39c3c6e44c3bec237336e14305e4f29bbf800b599253057fbb79ed"},
    {file = "pytz-2020.1.tar.gz", hash = "sha256:c35965d010ce31b23eeb663ed3cc8c906275d6be1a34393a1d73a41febf4a048"},
]

[[package]]
name = "redis"
version = "3.5.3"
description = "Python client for Redis key-value store"
optional = false
python-versions = ">=2.7, !=3.0.*, !=3.1.*, !=3.2.*, !=3.3.*, !=3.4.*"
files = [
    {file = "redis-3.5.3-py2.py3-none-any.whl", hash = "sha256:432b788c4530cfe16d8d943a09d40ca6c16149727e4afe8c2c9d5580c59d9f24"},
    {file = "redis-3.5.3.tar.gz", hash = "sha256:0e7e0cfca8660dea8b7d5cd8c4f6c5e29e11f31158c0b0ae91a397f00e5a05a2"},
]

[package.extras]
hiredis = ["hiredis (>=0.1.3)"]

[[package]]
name = "six"
version = "1.15.0"
description = "Python 2 and 3 compatibility utilities"
optional = false
python-versions = ">=2.7, !=3.0.*, !=3.1.*, !=3.2.*"
files = [
    {file = "six-1.15.0-py2.py3-none-any.whl", hash = "sha256:8b74bedcbbbaca38ff6d7491d76f2b06b3592611af620f8426e82dddb04a5ced"},
    {file = "six-1.15.0.tar.gz", hash = "sha256:30639c035cdb23534cd4aa2dd52c3bf48f06e5f4a941509c8bafd8ce11080259"},
]

[[package]]
name = "sqlparse"
version = "0.3.1"
description = "Non-validating SQL parser"
optional = false
python-versions = ">=2.7, !=3.0.*, !=3.1.*, !=3.2.*, !=3.3.*"
files = [
    {file = "sqlparse-0.3.1-py2.py3-none-any.whl", hash = "sha256:022fb9c87b524d1f7862b3037e541f68597a730a8843245c349fc93e1643dc4e"},
    {file = "sqlparse-0.3.1.tar.gz", hash = "sha256:e162203737712307dfe78860cc56c8da8a852ab2ee33750e33aeadf38d12c548"},
]

[[package]]
name = "tomli"
version = "2.0.1"
description = "A lil' TOML parser"
optional = false
python-versions = ">=3.7"
files = [
    {file = "tomli-2.0.1-py3-none-any.whl", hash = "sha256:939de3e7a6161af0c887ef91b7d41a53e7c5a1ca976325f429cb46ea9bc30ecc"},
    {file = "tomli-2.0.1.tar.gz", hash = "sha256:de526c12914f0c550d15924c62d72abc48d6fe7364aa87328337a31007fe8a4f"},
]

[[package]]
name = "typing-extensions"
version = "4.12.2"
description = "Backported and Experimental Type Hints for Python 3.8+"
optional = false
python-versions = ">=3.8"
files = [
    {file = "typing_extensions-4.12.2-py3-none-any.whl", hash = "sha256:04e5ca0351e0f3f85c6853954072df659d0d13fac324d0072316b67d7794700d"},
    {file = "typing_extensions-4.12.2.tar.gz", hash = "sha256:1a7ead55c7e559dd4dee8856e3a88b41225abfe1ce8df57b7c13915fe121ffb8"},
]

[[package]]
name = "vine"
version = "1.3.0"
description = "Promises, promises, promises."
optional = false
python-versions = ">=2.7, !=3.0.*, !=3.1.*, !=3.2.*, !=3.3.*"
files = [
    {file = "vine-1.3.0-py2.py3-none-any.whl", hash = "sha256:ea4947cc56d1fd6f2095c8d543ee25dad966f78692528e68b4fada11ba3f98af"},
    {file = "vine-1.3.0.tar.gz", hash = "sha256:133ee6d7a9016f177ddeaf191c1f58421a1dcc6ee9a42c58b34bed40e1d2cd87"},
]

[metadata]
lock-version = "2.0"
python-versions = "^3.8"
content-hash = "f9636cb0c47b1e3e0a7bbb3b25b1aec64abb01f386c38e73e92612eda162dd34"
